
Microsoft Visual Studio Solution File, Format Version 12.00
# Visual Studio 15
VisualStudioVersion = 15.0.28307.438
MinimumVisualStudioVersion = 10.0.40219.1
Project("{FAE04EC0-301F-11D3-BF4B-00C04F79EFBC}") = "Cx_Android", "Cx_Android\Cx_Android.csproj", "{A53AEA18-33C8-4DF3-95DD-5E5D4C4056D9}"
EndProject
Global
	GlobalSection(SolutionConfigurationPlatforms) = preSolution
		Debug|Any CPU = Debug|Any CPU
		Release|Any CPU = Release|Any CPU
	EndGlobalSection
	GlobalSection(ProjectConfigurationPlatforms) = postSolution
		{A53AEA18-33C8-4DF3-95DD-5E5D4C4056D9}.Debug|Any CPU.ActiveCfg = Debug|Any CPU
		{A53AEA18-33C8-4DF3-95DD-5E5D4C4056D9}.Debug|Any CPU.Build.0 = Debug|Any CPU
		{A53AEA18-33C8-4DF3-95DD-5E5D4C4056D9}.Release|Any CPU.ActiveCfg = Release|Any CPU
		{A53AEA18-33C8-4DF3-95DD-5E5D4C4056D9}.Release|Any CPU.Build.0 = Release|Any CPU
	EndGlobalSection
	GlobalSection(SolutionProperties) = preSolution
		HideSolutionNode = FALSE
	EndGlobalSection
	GlobalSection(ExtensibilityGlobals) = postSolution
		SolutionGuid = {1C340C5D-689B-4358-8C50-9A3CE02311B3}
	EndGlobalSection
EndGlobal
