
Microsoft Visual Studio Solution File, Format Version 12.00
# Visual Studio 15
VisualStudioVersion = 15.0.28307.438
MinimumVisualStudioVersion = 10.0.40219.1
Project("{FAE04EC0-301F-11D3-BF4B-00C04F79EFBC}") = "App2.Android", "App2\App2.Android\App2.Android.csproj", "{AC05AF7F-4231-4C78-A8E8-61D7CE7E7CFF}"
EndProject
Project("{FAE04EC0-301F-11D3-BF4B-00C04F79EFBC}") = "App2", "App2\App2\App2.csproj", "{43C6D33A-F959-49C7-AF15-2C8C6EB25497}"
EndProject
Project("{2150E333-8FDC-42A3-9474-1A3956D46DE8}") = "Solution Items", "Solution Items", "{136E7DEF-F778-4111-A707-CCFDC0B50A1A}"
EndProject
Global
	GlobalSection(SolutionConfigurationPlatforms) = preSolution
		Debug|Any CPU = Debug|Any CPU
		Release|Any CPU = Release|Any CPU
	EndGlobalSection
	GlobalSection(ProjectConfigurationPlatforms) = postSolution
		{AC05AF7F-4231-4C78-A8E8-61D7CE7E7CFF}.Debug|Any CPU.ActiveCfg = Debug|Any CPU
		{AC05AF7F-4231-4C78-A8E8-61D7CE7E7CFF}.Debug|Any CPU.Build.0 = Debug|Any CPU
		{AC05AF7F-4231-4C78-A8E8-61D7CE7E7CFF}.Debug|Any CPU.Deploy.0 = Debug|Any CPU
		{AC05AF7F-4231-4C78-A8E8-61D7CE7E7CFF}.Release|Any CPU.ActiveCfg = Release|Any CPU
		{AC05AF7F-4231-4C78-A8E8-61D7CE7E7CFF}.Release|Any CPU.Build.0 = Release|Any CPU
		{AC05AF7F-4231-4C78-A8E8-61D7CE7E7CFF}.Release|Any CPU.Deploy.0 = Release|Any CPU
		{43C6D33A-F959-49C7-AF15-2C8C6EB25497}.Debug|Any CPU.ActiveCfg = Debug|Any CPU
		{43C6D33A-F959-49C7-AF15-2C8C6EB25497}.Debug|Any CPU.Build.0 = Debug|Any CPU
		{43C6D33A-F959-49C7-AF15-2C8C6EB25497}.Debug|Any CPU.Deploy.0 = Debug|Any CPU
		{43C6D33A-F959-49C7-AF15-2C8C6EB25497}.Release|Any CPU.ActiveCfg = Release|Any CPU
		{43C6D33A-F959-49C7-AF15-2C8C6EB25497}.Release|Any CPU.Build.0 = Release|Any CPU
		{43C6D33A-F959-49C7-AF15-2C8C6EB25497}.Release|Any CPU.Deploy.0 = Release|Any CPU
	EndGlobalSection
	GlobalSection(SolutionProperties) = preSolution
		HideSolutionNode = FALSE
	EndGlobalSection
	GlobalSection(ExtensibilityGlobals) = postSolution
		SolutionGuid = {0DFABA34-271D-48C9-8B8E-20AA3E0A88C1}
	EndGlobalSection
EndGlobal
